// !$*UTF8*$!
{
	archiveVersion = 1;
	classes = {
	};
	objectVersion = 55;
	objects = {

/* Begin PBXBuildFile section */
		010EADFD27AEA39B00F51B8A /* AppDelegate.swift in Sources */ = {isa = PBXBuildFile; fileRef = 010EADFC27AEA39B00F51B8A /* AppDelegate.swift */; };
		010EADFF27AEA39B00F51B8A /* SceneDelegate.swift in Sources */ = {isa = PBXBuildFile; fileRef = 010EADFE27AEA39B00F51B8A /* SceneDelegate.swift */; };
		010EAE0127AEA39B00F51B8A /* ViewController.swift in Sources */ = {isa = PBXBuildFile; fileRef = 010EAE0027AEA39B00F51B8A /* ViewController.swift */; };
		010EAE0427AEA39B00F51B8A /* Main.storyboard in Resources */ = {isa = PBXBuildFile; fileRef = 010EAE0227AEA39B00F51B8A /* Main.storyboard */; };
		010EAE0627AEA39C00F51B8A /* Assets.xcassets in Resources */ = {isa = PBXBuildFile; fileRef = 010EAE0527AEA39C00F51B8A /* Assets.xcassets */; };
		010EAE0927AEA39C00F51B8A /* LaunchScreen.storyboard in Resources */ = {isa = PBXBuildFile; fileRef = 010EAE0727AEA39C00F51B8A /* LaunchScreen.storyboard */; };
		010EAE1427AEA39C00F51B8A /* HealthKitDemoTests.swift in Sources */ = {isa = PBXBuildFile; fileRef = 010EAE1327AEA39C00F51B8A /* HealthKitDemoTests.swift */; };
		010EAE1E27AEA39C00F51B8A /* HealthKitDemoUITests.swift in Sources */ = {isa = PBXBuildFile; fileRef = 010EAE1D27AEA39C00F51B8A /* HealthKitDemoUITests.swift */; };
		010EAE2027AEA39C00F51B8A /* HealthKitDemoUITestsLaunchTests.swift in Sources */ = {isa = PBXBuildFile; fileRef = 010EAE1F27AEA39C00F51B8A /* HealthKitDemoUITestsLaunchTests.swift */; };
		010EAE2F27AEA3EF00F51B8A /* HealthKit.framework in Frameworks */ = {isa = PBXBuildFile; fileRef = 010EAE2E27AEA3EF00F51B8A /* HealthKit.framework */; };
		010EAE3127AEA45100F51B8A /* HealthKitStorage.swift in Sources */ = {isa = PBXBuildFile; fileRef = 010EAE3027AEA45100F51B8A /* HealthKitStorage.swift */; };
/* End PBXBuildFile section */

/* Begin PBXContainerItemProxy section */
		010EAE1027AEA39C00F51B8A /* PBXContainerItemProxy */ = {
			isa = PBXContainerItemProxy;
			containerPortal = 010EADF127AEA39B00F51B8A /* Project object */;
			proxyType = 1;
			remoteGlobalIDString = 010EADF827AEA39B00F51B8A;
			remoteInfo = HealthKitDemo;
		};
		010EAE1A27AEA39C00F51B8A /* PBXContainerItemProxy */ = {
			isa = PBXContainerItemProxy;
			containerPortal = 010EADF127AEA39B00F51B8A /* Project object */;
			proxyType = 1;
			remoteGlobalIDString = 010EADF827AEA39B00F51B8A;
			remoteInfo = HealthKitDemo;
		};
/* End PBXContainerItemProxy section */

/* Begin PBXFileReference section */
		010EADF927AEA39B00F51B8A /* HealthKitDemo.app */ = {isa = PBXFileReference; explicitFileType = wrapper.application; includeInIndex = 0; path = HealthKitDemo.app; sourceTree = BUILT_PRODUCTS_DIR; };
		010EADFC27AEA39B00F51B8A /* AppDelegate.swift */ = {isa = PBXFileReference; lastKnownFileType = sourcecode.swift; path = AppDelegate.swift; sourceTree = "<group>"; };
		010EADFE27AEA39B00F51B8A /* SceneDelegate.swift */ = {isa = PBXFileReference; lastKnownFileType = sourcecode.swift; path = SceneDelegate.swift; sourceTree = "<group>"; };
		010EAE0027AEA39B00F51B8A /* ViewController.swift */ = {isa = PBXFileReference; lastKnownFileType = sourcecode.swift; path = ViewController.swift; sourceTree = "<group>"; };
		010EAE0327AEA39B00F51B8A /* Base */ = {isa = PBXFileReference; lastKnownFileType = file.storyboard; name = Base; path = Base.lproj/Main.storyboard; sourceTree = "<group>"; };
		010EAE0527AEA39C00F51B8A /* Assets.xcassets */ = {isa = PBXFileReference; lastKnownFileType = folder.assetcatalog; path = Assets.xcassets; sourceTree = "<group>"; };
		010EAE0827AEA39C00F51B8A /* Base */ = {isa = PBXFileReference; lastKnownFileType = file.storyboard; name = Base; path = Base.lproj/LaunchScreen.storyboard; sourceTree = "<group>"; };
		010EAE0A27AEA39C00F51B8A /* Info.plist */ = {isa = PBXFileReference; lastKnownFileType = text.plist.xml; path = Info.plist; sourceTree = "<group>"; };
		010EAE0F27AEA39C00F51B8A /* HealthKitDemoTests.xctest */ = {isa = PBXFileReference; explicitFileType = wrapper.cfbundle; includeInIndex = 0; path = HealthKitDemoTests.xctest; sourceTree = BUILT_PRODUCTS_DIR; };
		010EAE1327AEA39C00F51B8A /* HealthKitDemoTests.swift */ = {isa = PBXFileReference; lastKnownFileType = sourcecode.swift; path = HealthKitDemoTests.swift; sourceTree = "<group>"; };
		010EAE1927AEA39C00F51B8A /* HealthKitDemoUITests.xctest */ = {isa = PBXFileReference; explicitFileType = wrapper.cfbundle; includeInIndex = 0; path = HealthKitDemoUITests.xctest; sourceTree = BUILT_PRODUCTS_DIR; };
		010EAE1D27AEA39C00F51B8A /* HealthKitDemoUITests.swift */ = {isa = PBXFileReference; lastKnownFileType = sourcecode.swift; path = HealthKitDemoUITests.swift; sourceTree = "<group>"; };
		010EAE1F27AEA39C00F51B8A /* HealthKitDemoUITestsLaunchTests.swift */ = {isa = PBXFileReference; lastKnownFileType = sourcecode.swift; path = HealthKitDemoUITestsLaunchTests.swift; sourceTree = "<group>"; };
		010EAE2C27AEA3EF00F51B8A /* HealthKitDemo.entitlements */ = {isa = PBXFileReference; lastKnownFileType = text.plist.entitlements; path = HealthKitDemo.entitlements; sourceTree = "<group>"; };
		010EAE2E27AEA3EF00F51B8A /* HealthKit.framework */ = {isa = PBXFileReference; lastKnownFileType = wrapper.framework; name = HealthKit.framework; path = System/Library/Frameworks/HealthKit.framework; sourceTree = SDKROOT; };
		010EAE3027AEA45100F51B8A /* HealthKitStorage.swift */ = {isa = PBXFileReference; lastKnownFileType = sourcecode.swift; path = HealthKitStorage.swift; sourceTree = "<group>"; };
/* End PBXFileReference section */

/* Begin PBXFrameworksBuildPhase section */
		010EADF627AEA39B00F51B8A /* Frameworks */ = {
			isa = PBXFrameworksBuildPhase;
			buildActionMask = 2147483647;
			files = (
				010EAE2F27AEA3EF00F51B8A /* HealthKit.framework in Frameworks */,
			);
			runOnlyForDeploymentPostprocessing = 0;
		};
		010EAE0C27AEA39C00F51B8A /* Frameworks */ = {
			isa = PBXFrameworksBuildPhase;
			buildActionMask = 2147483647;
			files = (
			);
			runOnlyForDeploymentPostprocessing = 0;
		};
		010EAE1627AEA39C00F51B8A /* Frameworks */ = {
			isa = PBXFrameworksBuildPhase;
			buildActionMask = 2147483647;
			files = (
			);
			runOnlyForDeploymentPostprocessing = 0;
		};
/* End PBXFrameworksBuildPhase section */

/* Begin PBXGroup section */
		010EADF027AEA39B00F51B8A = {
			isa = PBXGroup;
			children = (
				010EADFB27AEA39B00F51B8A /* HealthKitDemo */,
				010EAE1227AEA39C00F51B8A /* HealthKitDemoTests */,
				010EAE1C27AEA39C00F51B8A /* HealthKitDemoUITests */,
				010EADFA27AEA39B00F51B8A /* Products */,
				010EAE2D27AEA3EF00F51B8A /* Frameworks */,
			);
			sourceTree = "<group>";
		};
		010EADFA27AEA39B00F51B8A /* Products */ = {
			isa = PBXGroup;
			children = (
				010EADF927AEA39B00F51B8A /* HealthKitDemo.app */,
				010EAE0F27AEA39C00F51B8A /* HealthKitDemoTests.xctest */,
				010EAE1927AEA39C00F51B8A /* HealthKitDemoUITests.xctest */,
			);
			name = Products;
			sourceTree = "<group>";
		};
		010EADFB27AEA39B00F51B8A /* HealthKitDemo */ = {
			isa = PBXGroup;
			children = (
				010EAE2C27AEA3EF00F51B8A /* HealthKitDemo.entitlements */,
				010EADFC27AEA39B00F51B8A /* AppDelegate.swift */,
				010EADFE27AEA39B00F51B8A /* SceneDelegate.swift */,
				010EAE0027AEA39B00F51B8A /* ViewController.swift */,
				010EAE0227AEA39B00F51B8A /* Main.storyboard */,
				010EAE0527AEA39C00F51B8A /* Assets.xcassets */,
				010EAE0727AEA39C00F51B8A /* LaunchScreen.storyboard */,
				010EAE0A27AEA39C00F51B8A /* Info.plist */,
				010EAE3027AEA45100F51B8A /* HealthKitStorage.swift */,
			);
			path = HealthKitDemo;
			sourceTree = "<group>";
		};
		010EAE1227AEA39C00F51B8A /* HealthKitDemoTests */ = {
			isa = PBXGroup;
			children = (
				010EAE1327AEA39C00F51B8A /* HealthKitDemoTests.swift */,
			);
			path = HealthKitDemoTests;
			sourceTree = "<group>";
		};
		010EAE1C27AEA39C00F51B8A /* HealthKitDemoUITests */ = {
			isa = PBXGroup;
			children = (
				010EAE1D27AEA39C00F51B8A /* HealthKitDemoUITests.swift */,
				010EAE1F27AEA39C00F51B8A /* HealthKitDemoUITestsLaunchTests.swift */,
			);
			path = HealthKitDemoUITests;
			sourceTree = "<group>";
		};
		010EAE2D27AEA3EF00F51B8A /* Frameworks */ = {
			isa = PBXGroup;
			children = (
				010EAE2E27AEA3EF00F51B8A /* HealthKit.framework */,
			);
			name = Frameworks;
			sourceTree = "<group>";
		};
/* End PBXGroup section */

/* Begin PBXNativeTarget section */
		010EADF827AEA39B00F51B8A /* HealthKitDemo */ = {
			isa = PBXNativeTarget;
			buildConfigurationList = 010EAE2327AEA39C00F51B8A /* Build configuration list for PBXNativeTarget "HealthKitDemo" */;
			buildPhases = (
				010EADF527AEA39B00F51B8A /* Sources */,
				010EADF627AEA39B00F51B8A /* Frameworks */,
				010EADF727AEA39B00F51B8A /* Resources */,
			);
			buildRules = (
			);
			dependencies = (
			);
			name = HealthKitDemo;
			productName = HealthKitDemo;
			productReference = 010EADF927AEA39B00F51B8A /* HealthKitDemo.app */;
			productType = "com.apple.product-type.application";
		};
		010EAE0E27AEA39C00F51B8A /* HealthKitDemoTests */ = {
			isa = PBXNativeTarget;
			buildConfigurationList = 010EAE2627AEA39C00F51B8A /* Build configuration list for PBXNativeTarget "HealthKitDemoTests" */;
			buildPhases = (
				010EAE0B27AEA39C00F51B8A /* Sources */,
				010EAE0C27AEA39C00F51B8A /* Frameworks */,
				010EAE0D27AEA39C00F51B8A /* Resources */,
			);
			buildRules = (
			);
			dependencies = (
				010EAE1127AEA39C00F51B8A /* PBXTargetDependency */,
			);
			name = HealthKitDemoTests;
			productName = HealthKitDemoTests;
			productReference = 010EAE0F27AEA39C00F51B8A /* HealthKitDemoTests.xctest */;
			productType = "com.apple.product-type.bundle.unit-test";
		};
		010EAE1827AEA39C00F51B8A /* HealthKitDemoUITests */ = {
			isa = PBXNativeTarget;
			buildConfigurationList = 010EAE2927AEA39C00F51B8A /* Build configuration list for PBXNativeTarget "HealthKitDemoUITests" */;
			buildPhases = (
				010EAE1527AEA39C00F51B8A /* Sources */,
				010EAE1627AEA39C00F51B8A /* Frameworks */,
				010EAE1727AEA39C00F51B8A /* Resources */,
			);
			buildRules = (
			);
			dependencies = (
				010EAE1B27AEA39C00F51B8A /* PBXTargetDependency */,
			);
			name = HealthKitDemoUITests;
			productName = HealthKitDemoUITests;
			productReference = 010EAE1927AEA39C00F51B8A /* HealthKitDemoUITests.xctest */;
			productType = "com.apple.product-type.bundle.ui-testing";
		};
/* End PBXNativeTarget section */

/* Begin PBXProject section */
		010EADF127AEA39B00F51B8A /* Project object */ = {
			isa = PBXProject;
			attributes = {
				BuildIndependentTargetsInParallel = 1;
				LastSwiftUpdateCheck = 1320;
				LastUpgradeCheck = 1320;
				TargetAttributes = {
					010EADF827AEA39B00F51B8A = {
						CreatedOnToolsVersion = 13.2.1;
					};
					010EAE0E27AEA39C00F51B8A = {
						CreatedOnToolsVersion = 13.2.1;
						TestTargetID = 010EADF827AEA39B00F51B8A;
					};
					010EAE1827AEA39C00F51B8A = {
						CreatedOnToolsVersion = 13.2.1;
						TestTargetID = 010EADF827AEA39B00F51B8A;
					};
				};
			};
			buildConfigurationList = 010EADF427AEA39B00F51B8A /* Build configuration list for PBXProject "HealthKitDemo" */;
			compatibilityVersion = "Xcode 13.0";
			developmentRegion = en;
			hasScannedForEncodings = 0;
			knownRegions = (
				en,
				Base,
			);
			mainGroup = 010EADF027AEA39B00F51B8A;
			productRefGroup = 010EADFA27AEA39B00F51B8A /* Products */;
			projectDirPath = "";
			projectRoot = "";
			targets = (
				010EADF827AEA39B00F51B8A /* HealthKitDemo */,
				010EAE0E27AEA39C00F51B8A /* HealthKitDemoTests */,
				010EAE1827AEA39C00F51B8A /* HealthKitDemoUITests */,
			);
		};
/* End PBXProject section */

/* Begin PBXResourcesBuildPhase section */
		010EADF727AEA39B00F51B8A /* Resources */ = {
			isa = PBXResourcesBuildPhase;
			buildActionMask = 2147483647;
			files = (
				010EAE0927AEA39C00F51B8A /* LaunchScreen.storyboard in Resources */,
				010EAE0627AEA39C00F51B8A /* Assets.xcassets in Resources */,
				010EAE0427AEA39B00F51B8A /* Main.storyboard in Resources */,
			);
			runOnlyForDeploymentPostprocessing = 0;
		};
		010EAE0D27AEA39C00F51B8A /* Resources */ = {
			isa = PBXResourcesBuildPhase;
			buildActionMask = 2147483647;
			files = (
			);
			runOnlyForDeploymentPostprocessing = 0;
		};
		010EAE1727AEA39C00F51B8A /* Resources */ = {
			isa = PBXResourcesBuildPhase;
			buildActionMask = 2147483647;
			files = (
			);
			runOnlyForDeploymentPostprocessing = 0;
		};
/* End PBXResourcesBuildPhase section */

/* Begin PBXSourcesBuildPhase section */
		010EADF527AEA39B00F51B8A /* Sources */ = {
			isa = PBXSourcesBuildPhase;
			buildActionMask = 2147483647;
			files = (
				010EAE3127AEA45100F51B8A /* HealthKitStorage.swift in Sources */,
				010EAE0127AEA39B00F51B8A /* ViewController.swift in Sources */,
				010EADFD27AEA39B00F51B8A /* AppDelegate.swift in Sources */,
				010EADFF27AEA39B00F51B8A /* SceneDelegate.swift in Sources */,
			);
			runOnlyForDeploymentPostprocessing = 0;
		};
		010EAE0B27AEA39C00F51B8A /* Sources */ = {
			isa = PBXSourcesBuildPhase;
			buildActionMask = 2147483647;
			files = (
				010EAE1427AEA39C00F51B8A /* HealthKitDemoTests.swift in Sources */,
			);
			runOnlyForDeploymentPostprocessing = 0;
		};
		010EAE1527AEA39C00F51B8A /* Sources */ = {
			isa = PBXSourcesBuildPhase;
			buildActionMask = 2147483647;
			files = (
				010EAE2027AEA39C00F51B8A /* HealthKitDemoUITestsLaunchTests.swift in Sources */,
				010EAE1E27AEA39C00F51B8A /* HealthKitDemoUITests.swift in Sources */,
			);
			runOnlyForDeploymentPostprocessing = 0;
		};
/* End PBXSourcesBuildPhase section */

/* Begin PBXTargetDependency section */
		010EAE1127AEA39C00F51B8A /* PBXTargetDependency */ = {
			isa = PBXTargetDependency;
			target = 010EADF827AEA39B00F51B8A /* HealthKitDemo */;
			targetProxy = 010EAE1027AEA39C00F51B8A /* PBXContainerItemProxy */;
		};
		010EAE1B27AEA39C00F51B8A /* PBXTargetDependency */ = {
			isa = PBXTargetDependency;
			target = 010EADF827AEA39B00F51B8A /* HealthKitDemo */;
			targetProxy = 010EAE1A27AEA39C00F51B8A /* PBXContainerItemProxy */;
		};
/* End PBXTargetDependency section */

/* Begin PBXVariantGroup section */
		010EAE0227AEA39B00F51B8A /* Main.storyboard */ = {
			isa = PBXVariantGroup;
			children = (
				010EAE0327AEA39B00F51B8A /* Base */,
			);
			name = Main.storyboard;
			sourceTree = "<group>";
		};
		010EAE0727AEA39C00F51B8A /* LaunchScreen.storyboard */ = {
			isa = PBXVariantGroup;
			children = (
				010EAE0827AEA39C00F51B8A /* Base */,
			);
			name = LaunchScreen.storyboard;
			sourceTree = "<group>";
		};
/* End PBXVariantGroup section */

/* Begin XCBuildConfiguration section */
		010EAE2127AEA39C00F51B8A /* Debug */ = {
			isa = XCBuildConfiguration;
			buildSettings = {
				ALWAYS_SEARCH_USER_PATHS = NO;
				CLANG_ANALYZER_NONNULL = YES;
				CLANG_ANALYZER_NUMBER_OBJECT_CONVERSION = YES_AGGRESSIVE;
				CLANG_CXX_LANGUAGE_STANDARD = "gnu++17";
				CLANG_CXX_LIBRARY = "libc++";
				CLANG_ENABLE_MODULES = YES;
				CLANG_ENABLE_OBJC_ARC = YES;
				CLANG_ENABLE_OBJC_WEAK = YES;
				CLANG_WARN_BLOCK_CAPTURE_AUTORELEASING = YES;
				CLANG_WARN_BOOL_CONVERSION = YES;
				CLANG_WARN_COMMA = YES;
				CLANG_WARN_CONSTANT_CONVERSION = YES;
				CLANG_WARN_DEPRECATED_OBJC_IMPLEMENTATIONS = YES;
				CLANG_WARN_DIRECT_OBJC_ISA_USAGE = YES_ERROR;
				CLANG_WARN_DOCUMENTATION_COMMENTS = YES;
				CLANG_WARN_EMPTY_BODY = YES;
				CLANG_WARN_ENUM_CONVERSION = YES;
				CLANG_WARN_INFINITE_RECURSION = YES;
				CLANG_WARN_INT_CONVERSION = YES;
				CLANG_WARN_NON_LITERAL_NULL_CONVERSION = YES;
				CLANG_WARN_OBJC_IMPLICIT_RETAIN_SELF = YES;
				CLANG_WARN_OBJC_LITERAL_CONVERSION = YES;
				CLANG_WARN_OBJC_ROOT_CLASS = YES_ERROR;
				CLANG_WARN_QUOTED_INCLUDE_IN_FRAMEWORK_HEADER = YES;
				CLANG_WARN_RANGE_LOOP_ANALYSIS = YES;
				CLANG_WARN_STRICT_PROTOTYPES = YES;
				CLANG_WARN_SUSPICIOUS_MOVE = YES;
				CLANG_WARN_UNGUARDED_AVAILABILITY = YES_AGGRESSIVE;
				CLANG_WARN_UNREACHABLE_CODE = YES;
				CLANG_WARN__DUPLICATE_METHOD_MATCH = YES;
				COPY_PHASE_STRIP = NO;
				DEBUG_INFORMATION_FORMAT = dwarf;
				ENABLE_STRICT_OBJC_MSGSEND = YES;
				ENABLE_TESTABILITY = YES;
				GCC_C_LANGUAGE_STANDARD = gnu11;
				GCC_DYNAMIC_NO_PIC = NO;
				GCC_NO_COMMON_BLOCKS = YES;
				GCC_OPTIMIZATION_LEVEL = 0;
				GCC_PREPROCESSOR_DEFINITIONS = (
					"DEBUG=1",
					"$(inherited)",
				);
				GCC_WARN_64_TO_32_BIT_CONVERSION = YES;
				GCC_WARN_ABOUT_RETURN_TYPE = YES_ERROR;
				GCC_WARN_UNDECLARED_SELECTOR = YES;
				GCC_WARN_UNINITIALIZED_AUTOS = YES_AGGRESSIVE;
				GCC_WARN_UNUSED_FUNCTION = YES;
				GCC_WARN_UNUSED_VARIABLE = YES;
				IPHONEOS_DEPLOYMENT_TARGET = 13.0;
				MTL_ENABLE_DEBUG_INFO = INCLUDE_SOURCE;
				MTL_FAST_MATH = YES;
				ONLY_ACTIVE_ARCH = YES;
				SDKROOT = iphoneos;
				SWIFT_ACTIVE_COMPILATION_CONDITIONS = DEBUG;
				SWIFT_OPTIMIZATION_LEVEL = "-Onone";
			};
			name = Debug;
		};
		010EAE2227AEA39C00F51B8A /* Release */ = {
			isa = XCBuildConfiguration;
			buildSettings = {
				ALWAYS_SEARCH_USER_PATHS = NO;
				CLANG_ANALYZER_NONNULL = YES;
				CLANG_ANALYZER_NUMBER_OBJECT_CONVERSION = YES_AGGRESSIVE;
				CLANG_CXX_LANGUAGE_STANDARD = "gnu++17";
				CLANG_CXX_LIBRARY = "libc++";
				CLANG_ENABLE_MODULES = YES;
				CLANG_ENABLE_OBJC_ARC = YES;
				CLANG_ENABLE_OBJC_WEAK = YES;
				CLANG_WARN_BLOCK_CAPTURE_AUTORELEASING = YES;
				CLANG_WARN_BOOL_CONVERSION = YES;
				CLANG_WARN_COMMA = YES;
				CLANG_WARN_CONSTANT_CONVERSION = YES;
				CLANG_WARN_DEPRECATED_OBJC_IMPLEMENTATIONS = YES;
				CLANG_WARN_DIRECT_OBJC_ISA_USAGE = YES_ERROR;
				CLANG_WARN_DOCUMENTATION_COMMENTS = YES;
				CLANG_WARN_EMPTY_BODY = YES;
				CLANG_WARN_ENUM_CONVERSION = YES;
				CLANG_WARN_INFINITE_RECURSION = YES;
				CLANG_WARN_INT_CONVERSION = YES;
				CLANG_WARN_NON_LITERAL_NULL_CONVERSION = YES;
				CLANG_WARN_OBJC_IMPLICIT_RETAIN_SELF = YES;
				CLANG_WARN_OBJC_LITERAL_CONVERSION = YES;
				CLANG_WARN_OBJC_ROOT_CLASS = YES_ERROR;
				CLANG_WARN_QUOTED_INCLUDE_IN_FRAMEWORK_HEADER = YES;
				CLANG_WARN_RANGE_LOOP_ANALYSIS = YES;
				CLANG_WARN_STRICT_PROTOTYPES = YES;
				CLANG_WARN_SUSPICIOUS_MOVE = YES;
				CLANG_WARN_UNGUARDED_AVAILABILITY = YES_AGGRESSIVE;
				CLANG_WARN_UNREACHABLE_CODE = YES;
				CLANG_WARN__DUPLICATE_METHOD_MATCH = YES;
				COPY_PHASE_STRIP = NO;
				DEBUG_INFORMATION_FORMAT = "dwarf-with-dsym";
				ENABLE_NS_ASSERTIONS = NO;
				ENABLE_STRICT_OBJC_MSGSEND = YES;
				GCC_C_LANGUAGE_STANDARD = gnu11;
				GCC_NO_COMMON_BLOCKS = YES;
				GCC_WARN_64_TO_32_BIT_CONVERSION = YES;
				GCC_WARN_ABOUT_RETURN_TYPE = YES_ERROR;
				GCC_WARN_UNDECLARED_SELECTOR = YES;
				GCC_WARN_UNINITIALIZED_AUTOS = YES_AGGRESSIVE;
				GCC_WARN_UNUSED_FUNCTION = YES;
				GCC_WARN_UNUSED_VARIABLE = YES;
				IPHONEOS_DEPLOYMENT_TARGET = 13.0;
				MTL_ENABLE_DEBUG_INFO = NO;
				MTL_FAST_MATH = YES;
				SDKROOT = iphoneos;
				SWIFT_COMPILATION_MODE = wholemodule;
				SWIFT_OPTIMIZATION_LEVEL = "-O";
				VALIDATE_PRODUCT = YES;
			};
			name = Release;
		};
		010EAE2427AEA39C00F51B8A /* Debug */ = {
			isa = XCBuildConfiguration;
			buildSettings = {
				ASSETCATALOG_COMPILER_APPICON_NAME = AppIcon;
				ASSETCATALOG_COMPILER_GLOBAL_ACCENT_COLOR_NAME = AccentColor;
				CODE_SIGN_ENTITLEMENTS = HealthKitDemo/HealthKitDemo.entitlements;
				CODE_SIGN_STYLE = Automatic;
				CURRENT_PROJECT_VERSION = 1;
				DEVELOPMENT_TEAM = 3G4595GUAV;
				GENERATE_INFOPLIST_FILE = YES;
				INFOPLIST_FILE = HealthKitDemo/Info.plist;
				INFOPLIST_KEY_UIApplicationSupportsIndirectInputEvents = YES;
				INFOPLIST_KEY_UILaunchStoryboardName = LaunchScreen;
				INFOPLIST_KEY_UIMainStoryboardFile = Main;
				INFOPLIST_KEY_UISupportedInterfaceOrientations_iPad = "UIInterfaceOrientationPortrait UIInterfaceOrientationPortraitUpsideDown UIInterfaceOrientationLandscapeLeft UIInterfaceOrientationLandscapeRight";
				INFOPLIST_KEY_UISupportedInterfaceOrientations_iPhone = "UIInterfaceOrientationPortrait UIInterfaceOrientationLandscapeLeft UIInterfaceOrientationLandscapeRight";
				IPHONEOS_DEPLOYMENT_TARGET = 13.0;
				LD_RUNPATH_SEARCH_PATHS = (
					"$(inherited)",
					"@executable_path/Frameworks",
				);
				MARKETING_VERSION = 1.0;
				PRODUCT_BUNDLE_IDENTIFIER = is.byeon.HealthKitDemo;
				PRODUCT_NAME = "$(TARGET_NAME)";
				SWIFT_EMIT_LOC_STRINGS = YES;
				SWIFT_VERSION = 5.0;
				TARGETED_DEVICE_FAMILY = "1,2";
			};
			name = Debug;
		};
		010EAE2527AEA39C00F51B8A /* Release */ = {
			isa = XCBuildConfiguration;
			buildSettings = {
				ASSETCATALOG_COMPILER_APPICON_NAME = AppIcon;
				ASSETCATALOG_COMPILER_GLOBAL_ACCENT_COLOR_NAME = AccentColor;
				CODE_SIGN_ENTITLEMENTS = HealthKitDemo/HealthKitDemo.entitlements;
				CODE_SIGN_STYLE = Automatic;
				CURRENT_PROJECT_VERSION = 1;
				DEVELOPMENT_TEAM = 3G4595GUAV;
				GENERATE_INFOPLIST_FILE = YES;
				INFOPLIST_FILE = HealthKitDemo/Info.plist;
				INFOPLIST_KEY_UIApplicationSupportsIndirectInputEvents = YES;
				INFOPLIST_KEY_UILaunchStoryboardName = LaunchScreen;
				INFOPLIST_KEY_UIMainStoryboardFile = Main;
				INFOPLIST_KEY_UISupportedInterfaceOrientations_iPad = "UIInterfaceOrientationPortrait UIInterfaceOrientationPortraitUpsideDown UIInterfaceOrientationLandscapeLeft UIInterfaceOrientationLandscapeRight";
				INFOPLIST_KEY_UISupportedInterfaceOrientations_iPhone = "UIInterfaceOrientationPortrait UIInterfaceOrientationLandscapeLeft UIInterfaceOrientationLandscapeRight";
				IPHONEOS_DEPLOYMENT_TARGET = 13.0;
				LD_RUNPATH_SEARCH_PATHS = (
					"$(inherited)",
					"@executable_path/Frameworks",
				);
				MARKETING_VERSION = 1.0;
				PRODUCT_BUNDLE_IDENTIFIER = is.byeon.HealthKitDemo;
				PRODUCT_NAME = "$(TARGET_NAME)";
				SWIFT_EMIT_LOC_STRINGS = YES;
				SWIFT_VERSION = 5.0;
				TARGETED_DEVICE_FAMILY = "1,2";
			};
			name = Release;
		};
		010EAE2727AEA39C00F51B8A /* Debug */ = {
			isa = XCBuildConfiguration;
			buildSettings = {
				ALWAYS_EMBED_SWIFT_STANDARD_LIBRARIES = YES;
				BUNDLE_LOADER = "$(TEST_HOST)";
				CODE_SIGN_STYLE = Automatic;
				CURRENT_PROJECT_VERSION = 1;
				DEVELOPMENT_TEAM = 3G4595GUAV;
				GENERATE_INFOPLIST_FILE = YES;
				IPHONEOS_DEPLOYMENT_TARGET = 15.2;
				MARKETING_VERSION = 1.0;
				PRODUCT_BUNDLE_IDENTIFIER = is.byeon.HealthKitDemoTests;
				PRODUCT_NAME = "$(TARGET_NAME)";
				SWIFT_EMIT_LOC_STRINGS = NO;
				SWIFT_VERSION = 5.0;
				TARGETED_DEVICE_FAMILY = "1,2";
				TEST_HOST = "$(BUILT_PRODUCTS_DIR)/HealthKitDemo.app/HealthKitDemo";
			};
			name = Debug;
		};
		010EAE2827AEA39C00F51B8A /* Release */ = {
			isa = XCBuildConfiguration;
			buildSettings = {
				ALWAYS_EMBED_SWIFT_STANDARD_LIBRARIES = YES;
				BUNDLE_LOADER = "$(TEST_HOST)";
				CODE_SIGN_STYLE = Automatic;
				CURRENT_PROJECT_VERSION = 1;
				DEVELOPMENT_TEAM = 3G4595GUAV;
				GENERATE_INFOPLIST_FILE = YES;
				IPHONEOS_DEPLOYMENT_TARGET = 15.2;
				MARKETING_VERSION = 1.0;
				PRODUCT_BUNDLE_IDENTIFIER = is.byeon.HealthKitDemoTests;
				PRODUCT_NAME = "$(TARGET_NAME)";
				SWIFT_EMIT_LOC_STRINGS = NO;
				SWIFT_VERSION = 5.0;
				TARGETED_DEVICE_FAMILY = "1,2";
				TEST_HOST = "$(BUILT_PRODUCTS_DIR)/HealthKitDemo.app/HealthKitDemo";
			};
			name = Release;
		};
		010EAE2A27AEA39C00F51B8A /* Debug */ = {
			isa = XCBuildConfiguration;
			buildSettings = {
				ALWAYS_EMBED_SWIFT_STANDARD_LIBRARIES = YES;
				CODE_SIGN_STYLE = Automatic;
				CURRENT_PROJECT_VERSION = 1;
				DEVELOPMENT_TEAM = 3G4595GUAV;
				GENERATE_INFOPLIST_FILE = YES;
				MARKETING_VERSION = 1.0;
				PRODUCT_BUNDLE_IDENTIFIER = is.byeon.HealthKitDemoUITests;
				PRODUCT_NAME = "$(TARGET_NAME)";
				SWIFT_EMIT_LOC_STRINGS = NO;
				SWIFT_VERSION = 5.0;
				TARGETED_DEVICE_FAMILY = "1,2";
				TEST_TARGET_NAME = HealthKitDemo;
			};
			name = Debug;
		};
		010EAE2B27AEA39C00F51B8A /* Release */ = {
			isa = XCBuildConfiguration;
			buildSettings = {
				ALWAYS_EMBED_SWIFT_STANDARD_LIBRARIES = YES;
				CODE_SIGN_STYLE = Automatic;
				CURRENT_PROJECT_VERSION = 1;
				DEVELOPMENT_TEAM = 3G4595GUAV;
				GENERATE_INFOPLIST_FILE = YES;
				MARKETING_VERSION = 1.0;
				PRODUCT_BUNDLE_IDENTIFIER = is.byeon.HealthKitDemoUITests;
				PRODUCT_NAME = "$(TARGET_NAME)";
				SWIFT_EMIT_LOC_STRINGS = NO;
				SWIFT_VERSION = 5.0;
				TARGETED_DEVICE_FAMILY = "1,2";
				TEST_TARGET_NAME = HealthKitDemo;
			};
			name = Release;
		};
/* End XCBuildConfiguration section */

/* Begin XCConfigurationList section */
		010EADF427AEA39B00F51B8A /* Build configuration list for PBXProject "HealthKitDemo" */ = {
			isa = XCConfigurationList;
			buildConfigurations = (
				010EAE2127AEA39C00F51B8A /* Debug */,
				010EAE2227AEA39C00F51B8A /* Release */,
			);
			defaultConfigurationIsVisible = 0;
			defaultConfigurationName = Release;
		};
		010EAE2327AEA39C00F51B8A /* Build configuration list for PBXNativeTarget "HealthKitDemo" */ = {
			isa = XCConfigurationList;
			buildConfigurations = (
				010EAE2427AEA39C00F51B8A /* Debug */,
				010EAE2527AEA39C00F51B8A /* Release */,
			);
			defaultConfigurationIsVisible = 0;
			defaultConfigurationName = Release;
		};
		010EAE2627AEA39C00F51B8A /* Build configuration list for PBXNativeTarget "HealthKitDemoTests" */ = {
			isa = XCConfigurationList;
			buildConfigurations = (
				010EAE2727AEA39C00F51B8A /* Debug */,
				010EAE2827AEA39C00F51B8A /* Release */,
			);
			defaultConfigurationIsVisible = 0;
			defaultConfigurationName = Release;
		};
		010EAE2927AEA39C00F51B8A /* Build configuration list for PBXNativeTarget "HealthKitDemoUITests" */ = {
			isa = XCConfigurationList;
			buildConfigurations = (
				010EAE2A27AEA39C00F51B8A /* Debug */,
				010EAE2B27AEA39C00F51B8A /* Release */,
			);
			defaultConfigurationIsVisible = 0;
			defaultConfigurationName = Release;
		};
/* End XCConfigurationList section */
	};
	rootObject = 010EADF127AEA39B00F51B8A /* Project object */;
}
